
Microsoft Visual Studio Solution File, Format Version 11.00
# Visual Studio 2010 Express for Windows Phone
Project("{FAE04EC0-301F-11D3-BF4B-00C04F79EFBC}") = "brainvita", "brainvita\brainvita.csproj", "{AE4FAF45-B9E9-4DD8-96BD-05494D212FDD}"
EndProject
Global
	GlobalSection(SolutionConfigurationPlatforms) = preSolution
		Debug|Any CPU = Debug|Any CPU
		Release|Any CPU = Release|Any CPU
	EndGlobalSection
	GlobalSection(ProjectConfigurationPlatforms) = postSolution
		{AE4FAF45-B9E9-4DD8-96BD-05494D212FDD}.Debug|Any CPU.ActiveCfg = Debug|Any CPU
		{AE4FAF45-B9E9-4DD8-96BD-05494D212FDD}.Debug|Any CPU.Build.0 = Debug|Any CPU
		{AE4FAF45-B9E9-4DD8-96BD-05494D212FDD}.Debug|Any CPU.Deploy.0 = Debug|Any CPU
		{AE4FAF45-B9E9-4DD8-96BD-05494D212FDD}.Release|Any CPU.ActiveCfg = Release|Any CPU
		{AE4FAF45-B9E9-4DD8-96BD-05494D212FDD}.Release|Any CPU.Build.0 = Release|Any CPU
		{AE4FAF45-B9E9-4DD8-96BD-05494D212FDD}.Release|Any CPU.Deploy.0 = Release|Any CPU
	EndGlobalSection
	GlobalSection(SolutionProperties) = preSolution
		HideSolutionNode = FALSE
	EndGlobalSection
EndGlobal
